
Microsoft Visual Studio Solution File, Format Version 12.00
# Visual Studio Version 17
VisualStudioVersion = 17.3.32901.215
MinimumVisualStudioVersion = 10.0.40219.1
Project("{E53339B2-1760-4266-BCC7-CA923CBCF16C}") = "docker-compose", "docker-compose.dcproj", "{BDCED0DE-97AE-49AF-8693-051DC1272142}"
EndProject
Project("{9A19103F-16F7-4668-BE54-9A1E7A4F7556}") = "Movie.Login.API", "Auth\Login\Movie.Login.API.csproj", "{BF8537B8-4F04-467A-A5B3-7D70B797F768}"
EndProject
Project("{2150E333-8FDC-42A3-9474-1A3956D46DE8}") = "Auth", "Auth", "{E4695451-61CF-449C-9ADF-0A558315A02A}"
EndProject
Project("{2150E333-8FDC-42A3-9474-1A3956D46DE8}") = "Kernel", "Kernel", "{D8B9B7F9-0D76-4A2E-A689-5360A25BB962}"
EndProject
Project("{2150E333-8FDC-42A3-9474-1A3956D46DE8}") = "Movie", "Movie", "{691DEAF5-4D22-4FD1-B961-57F684FA0522}"
EndProject
Project("{9A19103F-16F7-4668-BE54-9A1E7A4F7556}") = "Movie.Login.Domain", "Auth\Movie.Login.Domain\Movie.Login.Domain.csproj", "{0A17332F-CB54-44BB-83E1-D78064F20899}"
EndProject
Project("{9A19103F-16F7-4668-BE54-9A1E7A4F7556}") = "Movie.Login.Domain.Model", "Auth\Movie.Login.Domain.Model\Movie.Login.Domain.Model.csproj", "{A3F64BBF-87F8-4317-80F7-F3EC192C07E3}"
EndProject
Project("{9A19103F-16F7-4668-BE54-9A1E7A4F7556}") = "Movie.Login.Infra", "Auth\Movie.Login.Infra\Movie.Login.Infra.csproj", "{919329B4-4A9E-47AC-9434-4EE88AF9839D}"
EndProject
Project("{9A19103F-16F7-4668-BE54-9A1E7A4F7556}") = "Movie.Login.Tests", "Auth\Movie.Login.Tests\Movie.Login.Tests.csproj", "{F6542684-D277-49FE-B2E9-5CDE4849D875}"
EndProject
Project("{9A19103F-16F7-4668-BE54-9A1E7A4F7556}") = "Kernel.Domain", "Kernel\Kernel.Domain\Kernel.Domain.csproj", "{E29C6BBD-B2F5-4B88-AF48-FEAF1A3CE50E}"
EndProject
Project("{9A19103F-16F7-4668-BE54-9A1E7A4F7556}") = "Kernel.Domain.Model", "Kernel\Kernel.Domain.Model\Kernel.Domain.Model.csproj", "{3FD91B86-6335-4A50-BA67-2F13AC4709F1}"
EndProject
Project("{9A19103F-16F7-4668-BE54-9A1E7A4F7556}") = "Kernel.Infra", "Kernel\Kernel.Infra\Kernel.Infra.csproj", "{AFDF9C50-FD64-444A-9E79-9FF5E27A9807}"
EndProject
Project("{9A19103F-16F7-4668-BE54-9A1E7A4F7556}") = "Movie.Domain", "Movie\Movie.Domain\Movie.Domain.csproj", "{720A5DDB-55D9-4384-873D-E57516EECC55}"
EndProject
Project("{9A19103F-16F7-4668-BE54-9A1E7A4F7556}") = "Movie.Domain.Model", "Movie\Movie.Domain.Model\Movie.Domain.Model.csproj", "{0E331F0C-07FA-4B15-83AC-09C4B7EE2C7B}"
EndProject
Project("{9A19103F-16F7-4668-BE54-9A1E7A4F7556}") = "Movie.Infra", "Movie\Movie.Infra\Movie.Infra.csproj", "{F96CBA4D-1794-45C9-98A0-CC9F7071DD92}"
EndProject
Project("{9A19103F-16F7-4668-BE54-9A1E7A4F7556}") = "Movie.API", "Movie\MovieAPI\Movie.API.csproj", "{8E35E384-5D78-463D-B1AC-0FF0D0533BD0}"
EndProject
Project("{9A19103F-16F7-4668-BE54-9A1E7A4F7556}") = "Movie.Tests", "Movie\Movie.Tests\Movie.Tests.csproj", "{8BCFFFED-F5A6-4186-A8D8-EB6A5F80C88F}"
EndProject
Project("{9A19103F-16F7-4668-BE54-9A1E7A4F7556}") = "Kernel.Test", "Kernel\Kernel.Test\Kernel.Test.csproj", "{F76C6E47-4D6B-408D-9916-9748A59A3EF8}"
EndProject
Global
	GlobalSection(SolutionConfigurationPlatforms) = preSolution
		Debug|Any CPU = Debug|Any CPU
		Release|Any CPU = Release|Any CPU
	EndGlobalSection
	GlobalSection(ProjectConfigurationPlatforms) = postSolution
		{BDCED0DE-97AE-49AF-8693-051DC1272142}.Debug|Any CPU.ActiveCfg = Debug|Any CPU
		{BDCED0DE-97AE-49AF-8693-051DC1272142}.Debug|Any CPU.Build.0 = Debug|Any CPU
		{BDCED0DE-97AE-49AF-8693-051DC1272142}.Release|Any CPU.ActiveCfg = Release|Any CPU
		{BDCED0DE-97AE-49AF-8693-051DC1272142}.Release|Any CPU.Build.0 = Release|Any CPU
		{BF8537B8-4F04-467A-A5B3-7D70B797F768}.Debug|Any CPU.ActiveCfg = Debug|Any CPU
		{BF8537B8-4F04-467A-A5B3-7D70B797F768}.Debug|Any CPU.Build.0 = Debug|Any CPU
		{BF8537B8-4F04-467A-A5B3-7D70B797F768}.Release|Any CPU.ActiveCfg = Release|Any CPU
		{BF8537B8-4F04-467A-A5B3-7D70B797F768}.Release|Any CPU.Build.0 = Release|Any CPU
		{0A17332F-CB54-44BB-83E1-D78064F20899}.Debug|Any CPU.ActiveCfg = Debug|Any CPU
		{0A17332F-CB54-44BB-83E1-D78064F20899}.Debug|Any CPU.Build.0 = Debug|Any CPU
		{0A17332F-CB54-44BB-83E1-D78064F20899}.Release|Any CPU.ActiveCfg = Release|Any CPU
		{0A17332F-CB54-44BB-83E1-D78064F20899}.Release|Any CPU.Build.0 = Release|Any CPU
		{A3F64BBF-87F8-4317-80F7-F3EC192C07E3}.Debug|Any CPU.ActiveCfg = Debug|Any CPU
		{A3F64BBF-87F8-4317-80F7-F3EC192C07E3}.Debug|Any CPU.Build.0 = Debug|Any CPU
		{A3F64BBF-87F8-4317-80F7-F3EC192C07E3}.Release|Any CPU.ActiveCfg = Release|Any CPU
		{A3F64BBF-87F8-4317-80F7-F3EC192C07E3}.Release|Any CPU.Build.0 = Release|Any CPU
		{919329B4-4A9E-47AC-9434-4EE88AF9839D}.Debug|Any CPU.ActiveCfg = Debug|Any CPU
		{919329B4-4A9E-47AC-9434-4EE88AF9839D}.Debug|Any CPU.Build.0 = Debug|Any CPU
		{919329B4-4A9E-47AC-9434-4EE88AF9839D}.Release|Any CPU.ActiveCfg = Release|Any CPU
		{919329B4-4A9E-47AC-9434-4EE88AF9839D}.Release|Any CPU.Build.0 = Release|Any CPU
		{F6542684-D277-49FE-B2E9-5CDE4849D875}.Debug|Any CPU.ActiveCfg = Debug|Any CPU
		{F6542684-D277-49FE-B2E9-5CDE4849D875}.Debug|Any CPU.Build.0 = Debug|Any CPU
		{F6542684-D277-49FE-B2E9-5CDE4849D875}.Release|Any CPU.ActiveCfg = Release|Any CPU
		{F6542684-D277-49FE-B2E9-5CDE4849D875}.Release|Any CPU.Build.0 = Release|Any CPU
		{E29C6BBD-B2F5-4B88-AF48-FEAF1A3CE50E}.Debug|Any CPU.ActiveCfg = Debug|Any CPU
		{E29C6BBD-B2F5-4B88-AF48-FEAF1A3CE50E}.Debug|Any CPU.Build.0 = Debug|Any CPU
		{E29C6BBD-B2F5-4B88-AF48-FEAF1A3CE50E}.Release|Any CPU.ActiveCfg = Release|Any CPU
		{E29C6BBD-B2F5-4B88-AF48-FEAF1A3CE50E}.Release|Any CPU.Build.0 = Release|Any CPU
		{3FD91B86-6335-4A50-BA67-2F13AC4709F1}.Debug|Any CPU.ActiveCfg = Debug|Any CPU
		{3FD91B86-6335-4A50-BA67-2F13AC4709F1}.Debug|Any CPU.Build.0 = Debug|Any CPU
		{3FD91B86-6335-4A50-BA67-2F13AC4709F1}.Release|Any CPU.ActiveCfg = Release|Any CPU
		{3FD91B86-6335-4A50-BA67-2F13AC4709F1}.Release|Any CPU.Build.0 = Release|Any CPU
		{AFDF9C50-FD64-444A-9E79-9FF5E27A9807}.Debug|Any CPU.ActiveCfg = Debug|Any CPU
		{AFDF9C50-FD64-444A-9E79-9FF5E27A9807}.Debug|Any CPU.Build.0 = Debug|Any CPU
		{AFDF9C50-FD64-444A-9E79-9FF5E27A9807}.Release|Any CPU.ActiveCfg = Release|Any CPU
		{AFDF9C50-FD64-444A-9E79-9FF5E27A9807}.Release|Any CPU.Build.0 = Release|Any CPU
		{720A5DDB-55D9-4384-873D-E57516EECC55}.Debug|Any CPU.ActiveCfg = Debug|Any CPU
		{720A5DDB-55D9-4384-873D-E57516EECC55}.Debug|Any CPU.Build.0 = Debug|Any CPU
		{720A5DDB-55D9-4384-873D-E57516EECC55}.Release|Any CPU.ActiveCfg = Release|Any CPU
		{720A5DDB-55D9-4384-873D-E57516EECC55}.Release|Any CPU.Build.0 = Release|Any CPU
		{0E331F0C-07FA-4B15-83AC-09C4B7EE2C7B}.Debug|Any CPU.ActiveCfg = Debug|Any CPU
		{0E331F0C-07FA-4B15-83AC-09C4B7EE2C7B}.Debug|Any CPU.Build.0 = Debug|Any CPU
		{0E331F0C-07FA-4B15-83AC-09C4B7EE2C7B}.Release|Any CPU.ActiveCfg = Release|Any CPU
		{0E331F0C-07FA-4B15-83AC-09C4B7EE2C7B}.Release|Any CPU.Build.0 = Release|Any CPU
		{F96CBA4D-1794-45C9-98A0-CC9F7071DD92}.Debug|Any CPU.ActiveCfg = Debug|Any CPU
		{F96CBA4D-1794-45C9-98A0-CC9F7071DD92}.Debug|Any CPU.Build.0 = Debug|Any CPU
		{F96CBA4D-1794-45C9-98A0-CC9F7071DD92}.Release|Any CPU.ActiveCfg = Release|Any CPU
		{F96CBA4D-1794-45C9-98A0-CC9F7071DD92}.Release|Any CPU.Build.0 = Release|Any CPU
		{8E35E384-5D78-463D-B1AC-0FF0D0533BD0}.Debug|Any CPU.ActiveCfg = Debug|Any CPU
		{8E35E384-5D78-463D-B1AC-0FF0D0533BD0}.Debug|Any CPU.Build.0 = Debug|Any CPU
		{8E35E384-5D78-463D-B1AC-0FF0D0533BD0}.Release|Any CPU.ActiveCfg = Release|Any CPU
		{8E35E384-5D78-463D-B1AC-0FF0D0533BD0}.Release|Any CPU.Build.0 = Release|Any CPU
		{8BCFFFED-F5A6-4186-A8D8-EB6A5F80C88F}.Debug|Any CPU.ActiveCfg = Debug|Any CPU
		{8BCFFFED-F5A6-4186-A8D8-EB6A5F80C88F}.Debug|Any CPU.Build.0 = Debug|Any CPU
		{8BCFFFED-F5A6-4186-A8D8-EB6A5F80C88F}.Release|Any CPU.ActiveCfg = Release|Any CPU
		{8BCFFFED-F5A6-4186-A8D8-EB6A5F80C88F}.Release|Any CPU.Build.0 = Release|Any CPU
		{F76C6E47-4D6B-408D-9916-9748A59A3EF8}.Debug|Any CPU.ActiveCfg = Debug|Any CPU
		{F76C6E47-4D6B-408D-9916-9748A59A3EF8}.Debug|Any CPU.Build.0 = Debug|Any CPU
		{F76C6E47-4D6B-408D-9916-9748A59A3EF8}.Release|Any CPU.ActiveCfg = Release|Any CPU
		{F76C6E47-4D6B-408D-9916-9748A59A3EF8}.Release|Any CPU.Build.0 = Release|Any CPU
	EndGlobalSection
	GlobalSection(SolutionProperties) = preSolution
		HideSolutionNode = FALSE
	EndGlobalSection
	GlobalSection(NestedProjects) = preSolution
		{BF8537B8-4F04-467A-A5B3-7D70B797F768} = {E4695451-61CF-449C-9ADF-0A558315A02A}
		{0A17332F-CB54-44BB-83E1-D78064F20899} = {E4695451-61CF-449C-9ADF-0A558315A02A}
		{A3F64BBF-87F8-4317-80F7-F3EC192C07E3} = {E4695451-61CF-449C-9ADF-0A558315A02A}
		{919329B4-4A9E-47AC-9434-4EE88AF9839D} = {E4695451-61CF-449C-9ADF-0A558315A02A}
		{F6542684-D277-49FE-B2E9-5CDE4849D875} = {E4695451-61CF-449C-9ADF-0A558315A02A}
		{E29C6BBD-B2F5-4B88-AF48-FEAF1A3CE50E} = {D8B9B7F9-0D76-4A2E-A689-5360A25BB962}
		{3FD91B86-6335-4A50-BA67-2F13AC4709F1} = {D8B9B7F9-0D76-4A2E-A689-5360A25BB962}
		{AFDF9C50-FD64-444A-9E79-9FF5E27A9807} = {D8B9B7F9-0D76-4A2E-A689-5360A25BB962}
		{720A5DDB-55D9-4384-873D-E57516EECC55} = {691DEAF5-4D22-4FD1-B961-57F684FA0522}
		{0E331F0C-07FA-4B15-83AC-09C4B7EE2C7B} = {691DEAF5-4D22-4FD1-B961-57F684FA0522}
		{F96CBA4D-1794-45C9-98A0-CC9F7071DD92} = {691DEAF5-4D22-4FD1-B961-57F684FA0522}
		{8E35E384-5D78-463D-B1AC-0FF0D0533BD0} = {691DEAF5-4D22-4FD1-B961-57F684FA0522}
		{8BCFFFED-F5A6-4186-A8D8-EB6A5F80C88F} = {691DEAF5-4D22-4FD1-B961-57F684FA0522}
		{F76C6E47-4D6B-408D-9916-9748A59A3EF8} = {D8B9B7F9-0D76-4A2E-A689-5360A25BB962}
	EndGlobalSection
	GlobalSection(ExtensibilityGlobals) = postSolution
		SolutionGuid = {DDD9847E-5A4F-4193-B7E3-4D3E76FC2662}
	EndGlobalSection
EndGlobal
